<?xml version="1.0" encoding="UTF-8" standalone="yes" ?>
<CodeBlocks_project_file>
	<FileVersion major="1" minor="6" />
	<Project>
		<Option title="PasswordCracker" />
		<Option pch_mode="2" />
		<Option compiler="gcc" />
		<Build>
			<Target title="Debug">
				<Option output="bin/Debug/PasswordCracker" prefix_auto="1" extension_auto="1" />
				<Option object_output="obj/Debug/" />
				<Option type="1" />
				<Option compiler="gcc" />
				<Option parameters="-p test\password.lua" />
				<Compiler>
					<Add option="-g" />
				</Compiler>
				<Linker>
					<Add library="boost_atomic-mgw52-mt-d-1_64.dll" />
					<Add library="boost_system-mgw52-mt-d-1_64.dll" />
					<Add library="boost_thread-mgw52-mt-d-1_64.dll" />
					<Add library="boost_date_time-mgw52-mt-d-1_64.dll" />
					<Add library="boost_program_options-mgw52-mt-d-1_64.dll" />
					<Add library="boost_filesystem-mgw52-mt-d-1_64.dll" />
				</Linker>
			</Target>
			<Target title="Release">
				<Option output="bin/Release/PasswordCracker" prefix_auto="1" extension_auto="1" />
				<Option object_output="obj/Release/" />
				<Option type="1" />
				<Option compiler="gcc" />
				<Option parameters="-p test\password.lua" />
				<Compiler>
					<Add option="-O2" />
				</Compiler>
				<Linker>
					<Add option="-s" />
					<Add library="boost_atomic-mgw52-mt-1_64.dll" />
					<Add library="boost_system-mgw52-mt-1_64.dll" />
					<Add library="boost_thread-mgw52-mt-1_64.dll" />
					<Add library="boost_date_time-mgw52-mt-1_64.dll" />
					<Add library="boost_program_options-mgw52-mt-1_64.dll" />
					<Add library="boost_filesystem-mgw52-mt-1_64.dll" />
				</Linker>
			</Target>
		</Build>
		<Compiler>
			<Add option="-Wall" />
			<Add option="-fexceptions" />
			<Add directory="D:/Bestanden/Data/Codes/Programeren/C++/Libs/boost/include/boost-1_64" />
			<Add directory="D:/Bestanden/Data/Codes/Programeren/C++/Libs/lua/lua-5.3.4/install/include" />
		</Compiler>
		<Linker>
			<Add library="ws2_32" />
			<Add library="lua53.dll" />
			<Add directory="D:/Bestanden/Data/Codes/Programeren/C++/Libs/boost/lib" />
			<Add directory="D:/Bestanden/Data/Codes/Programeren/C++/Libs/lua/lua-5.3.4/install/lib" />
		</Linker>
		<Unit filename="constraints.cpp" />
		<Unit filename="constraints.hpp" />
		<Unit filename="containerutils.hpp" />
		<Unit filename="containerutils.inl" />
		<Unit filename="debug.cpp" />
		<Unit filename="debug.hpp" />
		<Unit filename="dictionary.cpp" />
		<Unit filename="dictionary.hpp" />
		<Unit filename="dictutils.cpp" />
		<Unit filename="dictutils.hpp" />
		<Unit filename="luabase.cpp" />
		<Unit filename="luabase.hpp" />
		<Unit filename="luaconstrdata.cpp" />
		<Unit filename="luaconstrdata.hpp" />
		<Unit filename="luaconstrfuncs.cpp" />
		<Unit filename="luaconstrfuncs.hpp" />
		<Unit filename="luadictdata.cpp" />
		<Unit filename="luadictdata.hpp" />
		<Unit filename="luadictfuncs.cpp" />
		<Unit filename="luadictfuncs.hpp" />
		<Unit filename="luafuncs.cpp" />
		<Unit filename="luafuncs.hpp" />
		<Unit filename="luapwddata.cpp" />
		<Unit filename="luapwddata.hpp" />
		<Unit filename="main.cpp" />
		<Unit filename="pathutils.cpp" />
		<Unit filename="pathutils.hpp" />
		<Unit filename="pwdgenerator.cpp" />
		<Unit filename="pwdgenerator.hpp" />
		<Unit filename="syncedstream.cpp" />
		<Unit filename="syncedstream.hpp" />
		<Unit filename="syncedstream.inl">
			<Option target="&lt;{~None~}&gt;" />
		</Unit>
		<Unit filename="threadsafestring.cpp" />
		<Unit filename="threadsafestring.hpp" />
		<Extensions>
			<code_completion />
			<envvars />
			<debugger />
			<lib_finder disable_auto="1" />
		</Extensions>
	</Project>
</CodeBlocks_project_file>
